<?xml version="1.0" encoding="UTF-8" standalone="yes" ?>
<CodeBlocks_project_file>
	<FileVersion major="1" minor="6" />
	<Project>
		<Option title="MatrixRun" />
		<Option pch_mode="2" />
		<Option compiler="gcc" />
		<Build>
			<Target title="WinDebug">
				<Option platforms="Windows;" />
				<Option output="bin/win/Debug/MatrixRun" prefix_auto="1" extension_auto="1" />
				<Option object_output="bin/tmp/win/Debug/" />
				<Option type="1" />
				<Option compiler="gcc" />
				<Compiler>
					<Add option="-g" />
					<Add option="-static" />
					<Add option="-DBOOST_THREAD_USE_LIB" />
					<Add directory="../api/win/boost_1_50_0/include" />
					<Add directory="../api/win/irrlicht_1_7_2/include" />
					<Add directory="../api/win/spark_1_5_5/include" />
					<Add directory="../api/win/wiiuse/include" />
				</Compiler>
				<Linker>
					<Add option="-lwiiuse" />
					<Add option="-lSPARK" />
					<Add option="-lSPARK_IRR" />
					<Add option="-lIrrlicht.dll" />
					<Add option="-lboost_thread-mgw46-mt-1_50" />
					<Add option="-lboost_chrono-mgw46-mt-s-1_50" />
					<Add option="-lboost_system-mgw46-s-1_50" />
					<Add directory="../api/win/boost_1_50_0/lib" />
					<Add directory="../api/win/irrlicht_1_7_2/lib" />
					<Add directory="../api/win/spark_1_5_5/lib" />
					<Add directory="../api/win/wiiuse/lib" />
				</Linker>
			</Target>
			<Target title="WinRelease">
				<Option platforms="Windows;" />
				<Option output="bin/win/Release/MatrixRun" prefix_auto="1" extension_auto="1" />
				<Option object_output="bin/tmp/win/Release/" />
				<Option type="1" />
				<Option compiler="gcc" />
				<Compiler>
					<Add option="-O2" />
					<Add option="-static" />
					<Add directory="../api/win/boost_1_48/include" />
					<Add directory="../api/win/irrlicht_1_7_2/include" />
					<Add directory="../api/win/spark_1_5_5/include" />
					<Add directory="../api/win/wiiuse/include" />
				</Compiler>
				<Linker>
					<Add option="-s" />
					<Add library="../api/win/spark_1_5_5/lib/libSPARK_IRR.a" />
					<Add library="../api/win/spark_1_5_5/lib/libSPARK.a" />
					<Add library="../api/win/irrlicht_1_7_2/lib/libIrrlicht.dll.a" />
					<Add library="../api/win/boost_1_50_0/lib/libboost_thread-mgw46-mt-1_50.a" />
					<Add library="../api/win/boost_1_50_0/lib/libboost_chrono-mgw46-mt-s-1_50.a" />
					<Add library="../api/win/boost_1_50_0/lib/libboost_system-mgw46-s-1_50.a" />
					<Add directory="../api/win/boost_1_48/lib" />
					<Add directory="../api/win/irrlicht_1_7_2/lib" />
					<Add directory="../api/win/spark_1_5_5/lib" />
					<Add directory="../api/win/wiiuse/lib" />
				</Linker>
			</Target>
			<Target title="LinuxDebug">
				<Option platforms="Unix;" />
				<Option output="bin/linux/Debug/MatrixRun" prefix_auto="1" extension_auto="1" />
				<Option object_output="bin/tmp/linux/Debug/" />
				<Option type="1" />
				<Option compiler="gcc" />
				<Compiler>
					<Add option="-g" />
					<Add option="-static" />
					<Add directory="../api/linux/boost_1_50_0/include" />
					<Add directory="../api/linux/irrlicht_1_7_3/include" />
					<Add directory="../api/linux/spark_1_5_5/include" />
					<Add directory="../api/linux/wiiuse/include" />
				</Compiler>
				<Linker>
					<Add option="-lboost_thread" />
					<Add option="-lIrrlicht" />
					<Add option="-lSPARK" />
					<Add option="-lSPARK_IRR" />
					<Add option="-lwiiuse" />
					<Add option="-lGL" />
					<Add option="-lXxf86vm" />
					<Add option="-lXext" />
					<Add option="-lX11" />
					<Add option="-lm" />
					<Add option="-lbluetooth" />
					<Add directory="../api/linux/boost_1_50_0/lib" />
					<Add directory="../api/linux/irrlicht_1_7_3/lib" />
					<Add directory="../api/linux/spark_1_5_5/lib" />
					<Add directory="../api/linux/wiiuse/lib" />
				</Linker>
			</Target>
			<Target title="LinuxRelease">
				<Option platforms="Unix;" />
				<Option output="bin/linux/Release/MatrixRun" prefix_auto="1" extension_auto="1" />
				<Option object_output="bin/tmp/linux/Release/" />
				<Option type="1" />
				<Option compiler="gcc" />
				<Compiler>
					<Add option="-O2" />
					<Add option="-static" />
					<Add directory="../api/linux/boost_1_50_0/include" />
					<Add directory="../api/linux/irrlicht_1_7_3/include" />
					<Add directory="../api/linux/spark_1_5_5/include" />
					<Add directory="../api/linux/wiiuse/include" />
				</Compiler>
				<Linker>
					<Add option="-s" />
					<Add option="-lboost_thread" />
					<Add option="-lIrrlicht" />
					<Add option="-lSPARK" />
					<Add option="-lSPARK_IRR" />
					<Add option="-lwiiuse" />
					<Add directory="../api/linux/boost_1_50_0/lib" />
					<Add directory="../api/linux/irrlicht_1_7_3/lib" />
					<Add directory="../api/linux/spark_1_5_5/lib" />
					<Add directory="../api/linux/wiiuse/lib" />
				</Linker>
			</Target>
		</Build>
		<Compiler>
			<Add option="-Wall" />
			<Add option="-DNO_WIIMOTES" />
			<Add option="-DFIXED_TARGETS" />
		</Compiler>
		<Unit filename="_ParticleEffects.cpp">
			<Option target="&lt;{~None~}&gt;" />
		</Unit>
		<Unit filename="base/Elipse.hpp" />
		<Unit filename="data/config.cfg">
			<Option target="&lt;{~None~}&gt;" />
		</Unit>
		<Unit filename="divers.cpp" />
		<Unit filename="divers.hpp" />
		<Unit filename="game/Bullet.hpp">
			<Option target="&lt;{~None~}&gt;" />
		</Unit>
		<Unit filename="game/CollGeometry.hpp">
			<Option target="&lt;{~None~}&gt;" />
		</Unit>
		<Unit filename="game/Collisionnable.hpp">
			<Option target="&lt;{~None~}&gt;" />
		</Unit>
		<Unit filename="game/Destroyable.hpp">
			<Option target="&lt;{~None~}&gt;" />
		</Unit>
		<Unit filename="game/GravityAnimator.cpp">
			<Option link="0" />
		</Unit>
		<Unit filename="game/GravityAnimator.hpp" />
		<Unit filename="game/Object.hpp">
			<Option target="&lt;{~None~}&gt;" />
		</Unit>
		<Unit filename="game/Sentinel.hpp">
			<Option target="&lt;{~None~}&gt;" />
		</Unit>
		<Unit filename="game/Tunnel.hpp">
			<Option target="&lt;{~None~}&gt;" />
		</Unit>
		<Unit filename="game/VfxManager.cpp" />
		<Unit filename="game/VfxManager.hpp" />
		<Unit filename="game/World.hpp">
			<Option target="&lt;{~None~}&gt;" />
		</Unit>
		<Unit filename="io/WiiCur.cpp" />
		<Unit filename="io/WiiCur.hpp" />
		<Unit filename="io/WiiPos.cpp" />
		<Unit filename="io/WiiPos.hpp" />
		<Unit filename="io/WiimoteHandler.cpp" />
		<Unit filename="io/WiimoteHandler.hpp" />
		<Unit filename="io/transition.cpp" />
		<Unit filename="io/transition.hpp" />
		<Unit filename="irr/IConstantSpeedAnimator.h">
			<Option target="&lt;{~None~}&gt;" />
		</Unit>
		<Unit filename="irr/IDynamicLightSceneNode.h">
			<Option target="&lt;{~None~}&gt;" />
		</Unit>
		<Unit filename="irr/IEmptySceneNode.h">
			<Option target="&lt;{~None~}&gt;" />
		</Unit>
		<Unit filename="lib/Async.cpp" />
		<Unit filename="lib/Async.hpp" />
		<Unit filename="lib/ConfigFile.cpp" />
		<Unit filename="lib/ConfigFile.hpp" />
		<Unit filename="main.cpp" />
		<Unit filename="res.cpp" />
		<Unit filename="res.hpp">
			<Option target="&lt;{~None~}&gt;" />
		</Unit>
		<Extensions>
			<code_completion />
			<envvars />
			<debugger />
			<lib_finder disable_auto="1" />
			<DoxyBlocks>
				<comment_style block="0" line="0" />
				<doxyfile_project />
				<doxyfile_build />
				<doxyfile_warnings />
				<doxyfile_output />
				<doxyfile_dot />
				<general />
			</DoxyBlocks>
		</Extensions>
	</Project>
</CodeBlocks_project_file>
